
Microsoft Visual Studio Solution File, Format Version 12.00
# Visual Studio Version 17
VisualStudioVersion = 17.9.34607.119
MinimumVisualStudioVersion = 10.0.40219.1
Project("{FAE04EC0-301F-11D3-BF4B-00C04F79EFBC}") = "TinklinisPlius", "TinklinisPlius\TinklinisPlius.csproj", "{64CCB89B-368F-47B5-8BF3-DF92FC78ABCE}"
EndProject
Global
	GlobalSection(SolutionConfigurationPlatforms) = preSolution
		Debug|Any CPU = Debug|Any CPU
		Release|Any CPU = Release|Any CPU
	EndGlobalSection
	GlobalSection(ProjectConfigurationPlatforms) = postSolution
		{64CCB89B-368F-47B5-8BF3-DF92FC78ABCE}.Debug|Any CPU.ActiveCfg = Debug|Any CPU
		{64CCB89B-368F-47B5-8BF3-DF92FC78ABCE}.Debug|Any CPU.Build.0 = Debug|Any CPU
		{64CCB89B-368F-47B5-8BF3-DF92FC78ABCE}.Release|Any CPU.ActiveCfg = Release|Any CPU
		{64CCB89B-368F-47B5-8BF3-DF92FC78ABCE}.Release|Any CPU.Build.0 = Release|Any CPU
	EndGlobalSection
	GlobalSection(SolutionProperties) = preSolution
		HideSolutionNode = FALSE
	EndGlobalSection
	GlobalSection(ExtensibilityGlobals) = postSolution
		SolutionGuid = {5CB4A906-8FB3-48C2-8EF6-A4D8039CF40F}
	EndGlobalSection
EndGlobal
